
Microsoft Visual Studio Solution File, Format Version 12.00
Project("{2150E333-8FDC-42A3-9474-1A3956D46DE8}") = "src", "src", "{91D35F57-40F6-4498-9077-758A0A3205DD}"
EndProject
Project("{2150E333-8FDC-42A3-9474-1A3956D46DE8}") = "tests", "tests", "{366E036C-D096-4DC0-B8CB-A378827CA345}"
EndProject
Project("{FAE04EC0-301F-11D3-BF4B-00C04F79EFBC}") = "CliArgsParser.Tests", "tests\CliArgsParser.Tests\CliArgsParser.Tests.csproj", "{1E3F0123-5817-4E29-B028-B3E95911F28C}"
EndProject
Project("{2150E333-8FDC-42A3-9474-1A3956D46DE8}") = "examples", "examples", "{043C80F7-B545-414A-AF4B-30414177C7C9}"
EndProject
Project("{2150E333-8FDC-42A3-9474-1A3956D46DE8}") = "RegisterAtlas", "RegisterAtlas", "{5087E834-B958-444C-A2B3-3B60CCD24535}"
EndProject
Project("{FAE04EC0-301F-11D3-BF4B-00C04F79EFBC}") = "CliArgsParser", "src\CliArgsParser\CliArgsParser.csproj", "{ECF0ACB8-149F-4B09-8465-26C195E936AA}"
EndProject
Project("{FAE04EC0-301F-11D3-BF4B-00C04F79EFBC}") = "CliArgsParser.Contracts", "src\CliArgsParser.Contracts\CliArgsParser.Contracts.csproj", "{0AD6E125-4B15-477E-B65F-0470122CB980}"
EndProject
Project("{FAE04EC0-301F-11D3-BF4B-00C04F79EFBC}") = "CliArgsParser.Example.Cli", "examples\CliArgsParser.Example.Cli\CliArgsParser.Example.Cli.csproj", "{B4E82BDD-8DC3-4395-995E-F4752693A098}"
EndProject
Project("{FAE04EC0-301F-11D3-BF4B-00C04F79EFBC}") = "CliArgsParser.Example.CliStandalone", "examples\CliArgsParser.Example.CliStandalone\CliArgsParser.Example.CliStandalone.csproj", "{5E89B075-0DAC-4BBC-9F59-069D17804824}"
EndProject
Project("{FAE04EC0-301F-11D3-BF4B-00C04F79EFBC}") = "CliArgsParser.Example.Args", "examples\CliArgsParser.Example.Args\CliArgsParser.Example.Args.csproj", "{F288A90D-5C5D-4415-BF89-9B85D111E510}"
EndProject
Project("{FAE04EC0-301F-11D3-BF4B-00C04F79EFBC}") = "CliArgsParser.Example.ArgsStandalone", "examples\CliArgsParser.Example.ArgsStandalone\CliArgsParser.Example.ArgsStandalone.csproj", "{A89D22B4-2CD1-487C-8834-FC2457CEF94E}"
EndProject
Project("{FAE04EC0-301F-11D3-BF4B-00C04F79EFBC}") = "CliArgsParser.ExampleData", "examples\CliArgsParser.ExampleData\CliArgsParser.ExampleData.csproj", "{74421741-0AE9-47B9-ACA6-C58058B94762}"
EndProject
Project("{FAE04EC0-301F-11D3-BF4B-00C04F79EFBC}") = "CliArgsParser.Example.HeadlessFull", "examples\CliArgsParser.Example.HeadlessFull\CliArgsParser.Example.HeadlessFull.csproj", "{BAB6E59E-3852-4769-946D-BBA9167257A2}"
EndProject
Project("{FAE04EC0-301F-11D3-BF4B-00C04F79EFBC}") = "CliArgsParser.Example.HeadlessAllowArgs", "examples\CliArgsParser.Example.HeadlessAllowArgs\CliArgsParser.Example.HeadlessAllowArgs.csproj", "{BE449F1E-FBF6-478E-BFDF-E95295540D57}"
EndProject
Global
	GlobalSection(SolutionConfigurationPlatforms) = preSolution
		Debug|Any CPU = Debug|Any CPU
		Release|Any CPU = Release|Any CPU
	EndGlobalSection
	GlobalSection(ProjectConfigurationPlatforms) = postSolution
		{1E3F0123-5817-4E29-B028-B3E95911F28C}.Debug|Any CPU.ActiveCfg = Debug|Any CPU
		{1E3F0123-5817-4E29-B028-B3E95911F28C}.Debug|Any CPU.Build.0 = Debug|Any CPU
		{1E3F0123-5817-4E29-B028-B3E95911F28C}.Release|Any CPU.ActiveCfg = Release|Any CPU
		{1E3F0123-5817-4E29-B028-B3E95911F28C}.Release|Any CPU.Build.0 = Release|Any CPU
		{ECF0ACB8-149F-4B09-8465-26C195E936AA}.Debug|Any CPU.ActiveCfg = Debug|Any CPU
		{ECF0ACB8-149F-4B09-8465-26C195E936AA}.Debug|Any CPU.Build.0 = Debug|Any CPU
		{ECF0ACB8-149F-4B09-8465-26C195E936AA}.Release|Any CPU.ActiveCfg = Release|Any CPU
		{ECF0ACB8-149F-4B09-8465-26C195E936AA}.Release|Any CPU.Build.0 = Release|Any CPU
		{0AD6E125-4B15-477E-B65F-0470122CB980}.Debug|Any CPU.ActiveCfg = Debug|Any CPU
		{0AD6E125-4B15-477E-B65F-0470122CB980}.Debug|Any CPU.Build.0 = Debug|Any CPU
		{0AD6E125-4B15-477E-B65F-0470122CB980}.Release|Any CPU.ActiveCfg = Release|Any CPU
		{0AD6E125-4B15-477E-B65F-0470122CB980}.Release|Any CPU.Build.0 = Release|Any CPU
		{B4E82BDD-8DC3-4395-995E-F4752693A098}.Debug|Any CPU.ActiveCfg = Debug|Any CPU
		{B4E82BDD-8DC3-4395-995E-F4752693A098}.Debug|Any CPU.Build.0 = Debug|Any CPU
		{B4E82BDD-8DC3-4395-995E-F4752693A098}.Release|Any CPU.ActiveCfg = Release|Any CPU
		{B4E82BDD-8DC3-4395-995E-F4752693A098}.Release|Any CPU.Build.0 = Release|Any CPU
		{5E89B075-0DAC-4BBC-9F59-069D17804824}.Debug|Any CPU.ActiveCfg = Debug|Any CPU
		{5E89B075-0DAC-4BBC-9F59-069D17804824}.Debug|Any CPU.Build.0 = Debug|Any CPU
		{5E89B075-0DAC-4BBC-9F59-069D17804824}.Release|Any CPU.ActiveCfg = Release|Any CPU
		{5E89B075-0DAC-4BBC-9F59-069D17804824}.Release|Any CPU.Build.0 = Release|Any CPU
		{F288A90D-5C5D-4415-BF89-9B85D111E510}.Debug|Any CPU.ActiveCfg = Debug|Any CPU
		{F288A90D-5C5D-4415-BF89-9B85D111E510}.Debug|Any CPU.Build.0 = Debug|Any CPU
		{F288A90D-5C5D-4415-BF89-9B85D111E510}.Release|Any CPU.ActiveCfg = Release|Any CPU
		{F288A90D-5C5D-4415-BF89-9B85D111E510}.Release|Any CPU.Build.0 = Release|Any CPU
		{A89D22B4-2CD1-487C-8834-FC2457CEF94E}.Debug|Any CPU.ActiveCfg = Debug|Any CPU
		{A89D22B4-2CD1-487C-8834-FC2457CEF94E}.Debug|Any CPU.Build.0 = Debug|Any CPU
		{A89D22B4-2CD1-487C-8834-FC2457CEF94E}.Release|Any CPU.ActiveCfg = Release|Any CPU
		{A89D22B4-2CD1-487C-8834-FC2457CEF94E}.Release|Any CPU.Build.0 = Release|Any CPU
		{74421741-0AE9-47B9-ACA6-C58058B94762}.Debug|Any CPU.ActiveCfg = Debug|Any CPU
		{74421741-0AE9-47B9-ACA6-C58058B94762}.Debug|Any CPU.Build.0 = Debug|Any CPU
		{74421741-0AE9-47B9-ACA6-C58058B94762}.Release|Any CPU.ActiveCfg = Release|Any CPU
		{74421741-0AE9-47B9-ACA6-C58058B94762}.Release|Any CPU.Build.0 = Release|Any CPU
		{BAB6E59E-3852-4769-946D-BBA9167257A2}.Debug|Any CPU.ActiveCfg = Debug|Any CPU
		{BAB6E59E-3852-4769-946D-BBA9167257A2}.Debug|Any CPU.Build.0 = Debug|Any CPU
		{BAB6E59E-3852-4769-946D-BBA9167257A2}.Release|Any CPU.ActiveCfg = Release|Any CPU
		{BAB6E59E-3852-4769-946D-BBA9167257A2}.Release|Any CPU.Build.0 = Release|Any CPU
		{BE449F1E-FBF6-478E-BFDF-E95295540D57}.Debug|Any CPU.ActiveCfg = Debug|Any CPU
		{BE449F1E-FBF6-478E-BFDF-E95295540D57}.Debug|Any CPU.Build.0 = Debug|Any CPU
		{BE449F1E-FBF6-478E-BFDF-E95295540D57}.Release|Any CPU.ActiveCfg = Release|Any CPU
		{BE449F1E-FBF6-478E-BFDF-E95295540D57}.Release|Any CPU.Build.0 = Release|Any CPU
	EndGlobalSection
	GlobalSection(NestedProjects) = preSolution
		{1E3F0123-5817-4E29-B028-B3E95911F28C} = {366E036C-D096-4DC0-B8CB-A378827CA345}
		{5087E834-B958-444C-A2B3-3B60CCD24535} = {043C80F7-B545-414A-AF4B-30414177C7C9}
		{ECF0ACB8-149F-4B09-8465-26C195E936AA} = {91D35F57-40F6-4498-9077-758A0A3205DD}
		{0AD6E125-4B15-477E-B65F-0470122CB980} = {91D35F57-40F6-4498-9077-758A0A3205DD}
		{B4E82BDD-8DC3-4395-995E-F4752693A098} = {5087E834-B958-444C-A2B3-3B60CCD24535}
		{5E89B075-0DAC-4BBC-9F59-069D17804824} = {5087E834-B958-444C-A2B3-3B60CCD24535}
		{F288A90D-5C5D-4415-BF89-9B85D111E510} = {5087E834-B958-444C-A2B3-3B60CCD24535}
		{A89D22B4-2CD1-487C-8834-FC2457CEF94E} = {5087E834-B958-444C-A2B3-3B60CCD24535}
		{74421741-0AE9-47B9-ACA6-C58058B94762} = {5087E834-B958-444C-A2B3-3B60CCD24535}
		{BAB6E59E-3852-4769-946D-BBA9167257A2} = {5087E834-B958-444C-A2B3-3B60CCD24535}
		{BE449F1E-FBF6-478E-BFDF-E95295540D57} = {5087E834-B958-444C-A2B3-3B60CCD24535}
	EndGlobalSection
EndGlobal
